lockfileVersion: '9.0'

settings:
  autoInstallPeers: true
  excludeLinksFromLockfile: false

overrides:
  '@shardworks/nexus-core': link:../nexus/packages/framework/core
  '@shardworks/stacks-apparatus': link:../nexus/packages/plugins/stacks

importers:

  .:
    devDependencies:
      '@tsconfig/node24':
        specifier: 24.0.4
        version: 24.0.4
      typescript:
        specifier: 5.9.3
        version: 5.9.3
      yaml:
        specifier: ^2.8.3
        version: 2.8.3

  packages/instruments:
    dependencies:
      js-yaml:
        specifier: 4.1.0
        version: 4.1.0
    devDependencies:
      '@types/js-yaml':
        specifier: 4.0.9
        version: 4.0.9
      '@types/node':
        specifier: 25.5.0
        version: 25.5.0

  packages/laboratory:
    dependencies:
      '@shardworks/nexus-core':
        specifier: link:../../../nexus/packages/framework/core
        version: link:../../../nexus/packages/framework/core
      '@shardworks/stacks-apparatus':
        specifier: link:../../../nexus/packages/plugins/stacks
        version: link:../../../nexus/packages/plugins/stacks
    devDependencies:
      '@types/node':
        specifier: 25.5.0
        version: 25.5.0

packages:

  '@tsconfig/node24@24.0.4':
    resolution: {integrity: sha512-2A933l5P5oCbv6qSxHs7ckKwobs8BDAe9SJ/Xr2Hy+nDlwmLE1GhFh/g/vXGRZWgxBg9nX/5piDtHR9Dkw/XuA==}

  '@types/js-yaml@4.0.9':
    resolution: {integrity: sha512-k4MGaQl5TGo/iipqb2UDG2UwjXziSWkh0uysQelTlJpX1qGlpUZYm8PnO4DxG1qBomtJUdYJ6qR6xdIah10JLg==}

  '@types/node@25.5.0':
    resolution: {integrity: sha512-jp2P3tQMSxWugkCUKLRPVUpGaL5MVFwF8RDuSRztfwgN1wmqJeMSbKlnEtQqU8UrhTmzEmZdu2I6v2dpp7XIxw==}

  argparse@2.0.1:
    resolution: {integrity: sha512-8+9WqebbFzpX9OR+Wa6O29asIogeRMzcGtAINdpMHHyAg10f05aSFVBbcEqGf/PXw1EjAZ+q2/bEBg3DvurK3Q==}

  js-yaml@4.1.0:
    resolution: {integrity: sha512-wpxZs9NoxZaJESJGIZTyDEaYpl0FKSA+FB9aJiyemKhMwkxQg63h4T1KJgUGHpTqPDNRcmmYLugrRjJlBtWvRA==}
    hasBin: true

  typescript@5.9.3:
    resolution: {integrity: sha512-jl1vZzPDinLr9eUt3J/t7V6FgNEw9QjvBPdysz9KfQDD41fQrC2Y4vKQdiaUpFT4bXlb1RHhLpp8wtm6M5TgSw==}
    engines: {node: '>=14.17'}
    hasBin: true

  undici-types@7.18.2:
    resolution: {integrity: sha512-AsuCzffGHJybSaRrmr5eHr81mwJU3kjw6M+uprWvCXiNeN9SOGwQ3Jn8jb8m3Z6izVgknn1R0FTCEAP2QrLY/w==}

  yaml@2.8.3:
    resolution: {integrity: sha512-AvbaCLOO2Otw/lW5bmh9d/WEdcDFdQp2Z2ZUH3pX9U2ihyUY0nvLv7J6TrWowklRGPYbB/IuIMfYgxaCPg5Bpg==}
    engines: {node: '>= 14.6'}
    hasBin: true

snapshots:

  '@tsconfig/node24@24.0.4': {}

  '@types/js-yaml@4.0.9': {}

  '@types/node@25.5.0':
    dependencies:
      undici-types: 7.18.2

  argparse@2.0.1: {}

  js-yaml@4.1.0:
    dependencies:
      argparse: 2.0.1

  typescript@5.9.3: {}

  undici-types@7.18.2: {}

  yaml@2.8.3: {}
