lockfileVersion: '9.0'

settings:
  autoInstallPeers: true
  excludeLinksFromLockfile: false

overrides:
  '@shardworks/nexus-core': link:../nexus/packages/framework/core
  '@shardworks/stacks-apparatus': link:../nexus/packages/plugins/stacks

importers:

  .:
    devDependencies:
      '@tsconfig/node24':
        specifier: 24.0.4
        version: 24.0.4
      typescript:
        specifier: 5.9.3
        version: 5.9.3

  packages/laboratory:
    dependencies:
      '@shardworks/nexus-core':
        specifier: link:../../../nexus/packages/framework/core
        version: link:../../../nexus/packages/framework/core
      '@shardworks/stacks-apparatus':
        specifier: link:../../../nexus/packages/plugins/stacks
        version: link:../../../nexus/packages/plugins/stacks
    devDependencies:
      '@types/node':
        specifier: 25.5.0
        version: 25.5.0

packages:

  '@tsconfig/node24@24.0.4':
    resolution: {integrity: sha512-2A933l5P5oCbv6qSxHs7ckKwobs8BDAe9SJ/Xr2Hy+nDlwmLE1GhFh/g/vXGRZWgxBg9nX/5piDtHR9Dkw/XuA==}

  '@types/node@25.5.0':
    resolution: {integrity: sha512-jp2P3tQMSxWugkCUKLRPVUpGaL5MVFwF8RDuSRztfwgN1wmqJeMSbKlnEtQqU8UrhTmzEmZdu2I6v2dpp7XIxw==}

  typescript@5.9.3:
    resolution: {integrity: sha512-jl1vZzPDinLr9eUt3J/t7V6FgNEw9QjvBPdysz9KfQDD41fQrC2Y4vKQdiaUpFT4bXlb1RHhLpp8wtm6M5TgSw==}
    engines: {node: '>=14.17'}
    hasBin: true

  undici-types@7.18.2:
    resolution: {integrity: sha512-AsuCzffGHJybSaRrmr5eHr81mwJU3kjw6M+uprWvCXiNeN9SOGwQ3Jn8jb8m3Z6izVgknn1R0FTCEAP2QrLY/w==}

snapshots:

  '@tsconfig/node24@24.0.4': {}

  '@types/node@25.5.0':
    dependencies:
      undici-types: 7.18.2

  typescript@5.9.3: {}

  undici-types@7.18.2: {}
