lockfileVersion: '9.0'

settings:
  autoInstallPeers: true
  excludeLinksFromLockfile: false

importers:

  .:
    dependencies:
      ts-morph:
        specifier: ^24.0.0
        version: 24.0.0

packages:

  '@ts-morph/common@0.25.0':
    resolution: {integrity: sha512-kMnZz+vGGHi4GoHnLmMhGNjm44kGtKUXGnOvrKmMwAuvNjM/PgKVGfUnL7IDvK7Jb2QQ82jq3Zmp04Gy+r3Dkg==}

  balanced-match@1.0.2:
    resolution: {integrity: sha512-3oSeUO0TMV67hN1AmbXsK4yaqU7tjiHlbxRDZOpH0KW9+CeX4bRAaX0Anxt0tx2MrpRpWwQaPwIlISEJhYU5Pw==}

  brace-expansion@2.1.0:
    resolution: {integrity: sha512-TN1kCZAgdgweJhWWpgKYrQaMNHcDULHkWwQIspdtjV4Y5aurRdZpjAqn6yX3FPqTA9ngHCc4hJxMAMgGfve85w==}

  code-block-writer@13.0.3:
    resolution: {integrity: sha512-Oofo0pq3IKnsFtuHqSF7TqBfr71aeyZDVJ0HpmqB7FBM2qEigL0iPONSCZSO9pE9dZTAxANe5XHG9Uy0YMv8cg==}

  fdir@6.5.0:
    resolution: {integrity: sha512-tIbYtZbucOs0BRGqPJkshJUYdL+SDH7dVM8gjy+ERp3WAUjLEFJE+02kanyHtwjWOnwrKYBiwAmM0p4kLJAnXg==}
    engines: {node: '>=12.0.0'}
    peerDependencies:
      picomatch: ^3 || ^4
    peerDependenciesMeta:
      picomatch:
        optional: true

  minimatch@9.0.9:
    resolution: {integrity: sha512-OBwBN9AL4dqmETlpS2zasx+vTeWclWzkblfZk7KTA5j3jeOONz/tRCnZomUyvNg83wL5Zv9Ss6HMJXAgL8R2Yg==}
    engines: {node: '>=16 || 14 >=14.17'}

  path-browserify@1.0.1:
    resolution: {integrity: sha512-b7uo2UCUOYZcnF/3ID0lulOJi/bafxa1xPe7ZPsammBSpjSWQkjNxlt635YGS2MiR9GjvuXCtz2emr3jbsz98g==}

  picomatch@4.0.4:
    resolution: {integrity: sha512-QP88BAKvMam/3NxH6vj2o21R6MjxZUAd6nlwAS/pnGvN9IVLocLHxGYIzFhg6fUQ+5th6P4dv4eW9jX3DSIj7A==}
    engines: {node: '>=12'}

  tinyglobby@0.2.16:
    resolution: {integrity: sha512-pn99VhoACYR8nFHhxqix+uvsbXineAasWm5ojXoN8xEwK5Kd3/TrhNn1wByuD52UxWRLy8pu+kRMniEi6Eq9Zg==}
    engines: {node: '>=12.0.0'}

  ts-morph@24.0.0:
    resolution: {integrity: sha512-2OAOg/Ob5yx9Et7ZX4CvTCc0UFoZHwLEJ+dpDPSUi5TgwwlTlX47w+iFRrEwzUZwYACjq83cgjS/Da50Ga37uw==}

snapshots:

  '@ts-morph/common@0.25.0':
    dependencies:
      minimatch: 9.0.9
      path-browserify: 1.0.1
      tinyglobby: 0.2.16

  balanced-match@1.0.2: {}

  brace-expansion@2.1.0:
    dependencies:
      balanced-match: 1.0.2

  code-block-writer@13.0.3: {}

  fdir@6.5.0(picomatch@4.0.4):
    optionalDependencies:
      picomatch: 4.0.4

  minimatch@9.0.9:
    dependencies:
      brace-expansion: 2.1.0

  path-browserify@1.0.1: {}

  picomatch@4.0.4: {}

  tinyglobby@0.2.16:
    dependencies:
      fdir: 6.5.0(picomatch@4.0.4)
      picomatch: 4.0.4

  ts-morph@24.0.0:
    dependencies:
      '@ts-morph/common': 0.25.0
      code-block-writer: 13.0.3
